{
    "version": 3,
    "terraform_version": "0.11.10",
    "serial": 4,
    "lineage": "fc0fc15e-9f97-958f-3af9-6ef0ab00a62b",
    "modules": [
        {
            "path": [
                "root"
            ],
            "outputs": {},
            "resources": {
                "aws_eip.ip-test-env": {
                    "type": "aws_eip",
                    "depends_on": [
                        "aws_instance.ec2_instance"
                    ],
                    "primary": {
                        "id": "eipalloc-058e7b7f4d5f85245",
                        "attributes": {
                            "association_id": "eipassoc-06652de87deb70527",
                            "domain": "vpc",
                            "id": "eipalloc-058e7b7f4d5f85245",
                            "instance": "i-09b7093afbb340b44",
                            "network_interface": "eni-0f3f4a11e0292a999",
                            "private_ip": "10.0.34.13",
                            "public_ip": "54.156.159.153",
                            "public_ipv4_pool": "amazon",
                            "tags.%": "0",
                            "vpc": "true"
                        },
                        "meta": {
                            "e2bfb730-ecaa-11e6-8f88-34363bc7c4c0": {
                                "delete": 180000000000,
                                "read": 900000000000,
                                "update": 300000000000
                            }
                        },
                        "tainted": false
                    },
                    "deposed": [],
                    "provider": "provider.aws"
                },
                "aws_instance.ec2_instance": {
                    "type": "aws_instance",
                    "depends_on": [
                        "aws_security_group.ingress-all-test",
                        "aws_subnet.subnet-uno"
                    ],
                    "primary": {
                        "id": "i-09b7093afbb340b44",
                        "attributes": {
                            "ami": "ami-09479453c5cde9639",
                            "arn": "arn:aws:ec2:us-east-1:477650777108:instance/i-09b7093afbb340b44",
                            "associate_public_ip_address": "false",
                            "availability_zone": "us-east-1a",
                            "cpu_core_count": "1",
                            "cpu_threads_per_core": "1",
                            "credit_specification.#": "1",
                            "credit_specification.0.cpu_credits": "standard",
                            "disable_api_termination": "false",
                            "ebs_block_device.#": "0",
                            "ebs_optimized": "false",
                            "ephemeral_block_device.#": "0",
                            "get_password_data": "false",
                            "iam_instance_profile": "",
                            "id": "i-09b7093afbb340b44",
                            "instance_state": "running",
                            "instance_type": "t2.micro",
                            "ipv6_addresses.#": "0",
                            "key_name": "terraform_rails",
                            "monitoring": "false",
                            "network_interface.#": "0",
                            "network_interface_id": "eni-0f3f4a11e0292a999",
                            "password_data": "",
                            "placement_group": "",
                            "primary_network_interface_id": "eni-0f3f4a11e0292a999",
                            "private_dns": "ip-10-0-34-13.ec2.internal",
                            "private_ip": "10.0.34.13",
                            "public_dns": "",
                            "public_ip": "",
                            "root_block_device.#": "1",
                            "root_block_device.0.delete_on_termination": "true",
                            "root_block_device.0.iops": "100",
                            "root_block_device.0.volume_id": "vol-03937ec8738742bcf",
                            "root_block_device.0.volume_size": "8",
                            "root_block_device.0.volume_type": "gp2",
                            "security_groups.#": "0",
                            "source_dest_check": "true",
                            "subnet_id": "subnet-008fc25aab33d6963",
                            "tags.%": "1",
                            "tags.Name": "t2.micro",
                            "tenancy": "default",
                            "volume_tags.%": "0",
                            "vpc_security_group_ids.#": "1",
                            "vpc_security_group_ids.3788402589": "sg-0a2b807890bb8617a"
                        },
                        "meta": {
                            "e2bfb730-ecaa-11e6-8f88-34363bc7c4c0": {
                                "create": 600000000000,
                                "delete": 1200000000000,
                                "update": 600000000000
                            },
                            "schema_version": "1"
                        },
                        "tainted": false
                    },
                    "deposed": [],
                    "provider": "provider.aws"
                },
                "aws_internet_gateway.test-env-gw": {
                    "type": "aws_internet_gateway",
                    "depends_on": [
                        "aws_vpc.test-env"
                    ],
                    "primary": {
                        "id": "igw-066f972793527085f",
                        "attributes": {
                            "id": "igw-066f972793527085f",
                            "tags.%": "1",
                            "tags.Name": "test-env-gw",
                            "vpc_id": "vpc-0bd273afbfafa084c"
                        },
                        "meta": {},
                        "tainted": false
                    },
                    "deposed": [],
                    "provider": "provider.aws"
                },
                "aws_route_table.route-table-test-env": {
                    "type": "aws_route_table",
                    "depends_on": [
                        "aws_internet_gateway.test-env-gw",
                        "aws_vpc.test-env"
                    ],
                    "primary": {
                        "id": "rtb-06af92cdbea0cf483",
                        "attributes": {
                            "id": "rtb-06af92cdbea0cf483",
                            "propagating_vgws.#": "0",
                            "route.#": "1",
                            "route.4009813243.cidr_block": "0.0.0.0/0",
                            "route.4009813243.egress_only_gateway_id": "",
                            "route.4009813243.gateway_id": "igw-066f972793527085f",
                            "route.4009813243.instance_id": "",
                            "route.4009813243.ipv6_cidr_block": "",
                            "route.4009813243.nat_gateway_id": "",
                            "route.4009813243.network_interface_id": "",
                            "route.4009813243.transit_gateway_id": "",
                            "route.4009813243.vpc_peering_connection_id": "",
                            "tags.%": "1",
                            "tags.Name": "test-env-route-table",
                            "vpc_id": "vpc-0bd273afbfafa084c"
                        },
                        "meta": {},
                        "tainted": false
                    },
                    "deposed": [],
                    "provider": "provider.aws"
                },
                "aws_route_table_association.subnet-association": {
                    "type": "aws_route_table_association",
                    "depends_on": [
                        "aws_route_table.route-table-test-env",
                        "aws_subnet.subnet-uno"
                    ],
                    "primary": {
                        "id": "rtbassoc-0088d8e89dd8f7e82",
                        "attributes": {
                            "id": "rtbassoc-0088d8e89dd8f7e82",
                            "route_table_id": "rtb-06af92cdbea0cf483",
                            "subnet_id": "subnet-008fc25aab33d6963"
                        },
                        "meta": {},
                        "tainted": false
                    },
                    "deposed": [],
                    "provider": "provider.aws"
                },
                "aws_security_group.ingress-all-test": {
                    "type": "aws_security_group",
                    "depends_on": [
                        "aws_vpc.test-env"
                    ],
                    "primary": {
                        "id": "sg-0a2b807890bb8617a",
                        "attributes": {
                            "arn": "arn:aws:ec2:us-east-1:477650777108:security-group/sg-0a2b807890bb8617a",
                            "description": "Managed by Terraform",
                            "egress.#": "1",
                            "egress.482069346.cidr_blocks.#": "1",
                            "egress.482069346.cidr_blocks.0": "0.0.0.0/0",
                            "egress.482069346.description": "",
                            "egress.482069346.from_port": "0",
                            "egress.482069346.ipv6_cidr_blocks.#": "0",
                            "egress.482069346.prefix_list_ids.#": "0",
                            "egress.482069346.protocol": "-1",
                            "egress.482069346.security_groups.#": "0",
                            "egress.482069346.self": "false",
                            "egress.482069346.to_port": "0",
                            "id": "sg-0a2b807890bb8617a",
                            "ingress.#": "1",
                            "ingress.2541437006.cidr_blocks.#": "1",
                            "ingress.2541437006.cidr_blocks.0": "0.0.0.0/0",
                            "ingress.2541437006.description": "",
                            "ingress.2541437006.from_port": "22",
                            "ingress.2541437006.ipv6_cidr_blocks.#": "0",
                            "ingress.2541437006.prefix_list_ids.#": "0",
                            "ingress.2541437006.protocol": "tcp",
                            "ingress.2541437006.security_groups.#": "0",
                            "ingress.2541437006.self": "false",
                            "ingress.2541437006.to_port": "22",
                            "name": "allow-all-sg",
                            "owner_id": "477650777108",
                            "revoke_rules_on_delete": "false",
                            "tags.%": "0",
                            "vpc_id": "vpc-0bd273afbfafa084c"
                        },
                        "meta": {
                            "e2bfb730-ecaa-11e6-8f88-34363bc7c4c0": {
                                "create": 600000000000,
                                "delete": 600000000000
                            },
                            "schema_version": "1"
                        },
                        "tainted": false
                    },
                    "deposed": [],
                    "provider": "provider.aws"
                },
                "aws_subnet.subnet-uno": {
                    "type": "aws_subnet",
                    "depends_on": [
                        "aws_vpc.test-env"
                    ],
                    "primary": {
                        "id": "subnet-008fc25aab33d6963",
                        "attributes": {
                            "arn": "arn:aws:ec2:us-east-1:477650777108:subnet/subnet-008fc25aab33d6963",
                            "assign_ipv6_address_on_creation": "false",
                            "availability_zone": "us-east-1a",
                            "cidr_block": "10.0.32.0/19",
                            "id": "subnet-008fc25aab33d6963",
                            "ipv6_cidr_block": "",
                            "ipv6_cidr_block_association_id": "",
                            "map_public_ip_on_launch": "false",
                            "tags.%": "0",
                            "vpc_id": "vpc-0bd273afbfafa084c"
                        },
                        "meta": {
                            "e2bfb730-ecaa-11e6-8f88-34363bc7c4c0": {
                                "create": 600000000000,
                                "delete": 600000000000
                            },
                            "schema_version": "1"
                        },
                        "tainted": false
                    },
                    "deposed": [],
                    "provider": "provider.aws"
                },
                "aws_vpc.test-env": {
                    "type": "aws_vpc",
                    "depends_on": [],
                    "primary": {
                        "id": "vpc-0bd273afbfafa084c",
                        "attributes": {
                            "arn": "arn:aws:ec2:us-east-1:477650777108:vpc/vpc-0bd273afbfafa084c",
                            "assign_generated_ipv6_cidr_block": "false",
                            "cidr_block": "10.0.0.0/16",
                            "default_network_acl_id": "acl-09530dacd91920433",
                            "default_route_table_id": "rtb-0e3d73ba8949adaab",
                            "default_security_group_id": "sg-091dc823e0ab905a2",
                            "dhcp_options_id": "dopt-b57408ce",
                            "enable_classiclink": "false",
                            "enable_classiclink_dns_support": "false",
                            "enable_dns_hostnames": "true",
                            "enable_dns_support": "true",
                            "id": "vpc-0bd273afbfafa084c",
                            "instance_tenancy": "default",
                            "ipv6_association_id": "",
                            "ipv6_cidr_block": "",
                            "main_route_table_id": "rtb-0e3d73ba8949adaab",
                            "tags.%": "1",
                            "tags.Name": "test-env"
                        },
                        "meta": {
                            "schema_version": "1"
                        },
                        "tainted": false
                    },
                    "deposed": [],
                    "provider": "provider.aws"
                }
            },
            "depends_on": []
        }
    ]
}
